
Microsoft Visual Studio Solution File, Format Version 12.00
# Visual Studio Version 16
VisualStudioVersion = 16.0.29306.81
MinimumVisualStudioVersion = 10.0.40219.1
Project("{FAE04EC0-301F-11D3-BF4B-00C04F79EFBC}") = "ShoppingCartApp", "ShoppingCartApp\ShoppingCartApp.csproj", "{DD7E5CEE-8B61-4D32-971F-83B924389BBA}"
EndProject
Global
	GlobalSection(SolutionConfigurationPlatforms) = preSolution
		Debug|Any CPU = Debug|Any CPU
		Release|Any CPU = Release|Any CPU
	EndGlobalSection
	GlobalSection(ProjectConfigurationPlatforms) = postSolution
		{DD7E5CEE-8B61-4D32-971F-83B924389BBA}.Debug|Any CPU.ActiveCfg = Debug|Any CPU
		{DD7E5CEE-8B61-4D32-971F-83B924389BBA}.Debug|Any CPU.Build.0 = Debug|Any CPU
		{DD7E5CEE-8B61-4D32-971F-83B924389BBA}.Release|Any CPU.ActiveCfg = Release|Any CPU
		{DD7E5CEE-8B61-4D32-971F-83B924389BBA}.Release|Any CPU.Build.0 = Release|Any CPU
	EndGlobalSection
	GlobalSection(SolutionProperties) = preSolution
		HideSolutionNode = FALSE
	EndGlobalSection
	GlobalSection(ExtensibilityGlobals) = postSolution
		SolutionGuid = {5E5AF4FE-E63B-4787-B315-87E0268340A7}
	EndGlobalSection
EndGlobal
